// !$*UTF8*$!
{
	archiveVersion = 1;
	classes = {
	};
	objectVersion = 50;
	objects = {

/* Begin PBXBuildFile section */
		9E6D0F4A244959B500B0176F /* CollectionViewCell.swift in Sources */ = {isa = PBXBuildFile; fileRef = 9E6D0F49244959B500B0176F /* CollectionViewCell.swift */; };
		9E8F2FAE244812BD006EDF62 /* placeholder.png in Resources */ = {isa = PBXBuildFile; fileRef = 9E8F2FAD244812BD006EDF62 /* placeholder.png */; };
		9E8F2FB024481B58006EDF62 /* FlickrClient.swift in Sources */ = {isa = PBXBuildFile; fileRef = 9E8F2FAF24481B58006EDF62 /* FlickrClient.swift */; };
		9EDDB97C244BA56600C1416C /* FlickrPhoto.swift in Sources */ = {isa = PBXBuildFile; fileRef = 9EDDB97B244BA56600C1416C /* FlickrPhoto.swift */; };
		9EDDB97E244BA59900C1416C /* FlickrSearchResults.swift in Sources */ = {isa = PBXBuildFile; fileRef = 9EDDB97D244BA59900C1416C /* FlickrSearchResults.swift */; };
		9EFD6C2B2446A48D000FE473 /* AppDelegate.swift in Sources */ = {isa = PBXBuildFile; fileRef = 9EFD6C2A2446A48D000FE473 /* AppDelegate.swift */; };
		9EFD6C2D2446A48D000FE473 /* SceneDelegate.swift in Sources */ = {isa = PBXBuildFile; fileRef = 9EFD6C2C2446A48D000FE473 /* SceneDelegate.swift */; };
		9EFD6C322446A48D000FE473 /* Main.storyboard in Resources */ = {isa = PBXBuildFile; fileRef = 9EFD6C302446A48D000FE473 /* Main.storyboard */; };
		9EFD6C352446A48D000FE473 /* VirtualTourist.xcdatamodeld in Sources */ = {isa = PBXBuildFile; fileRef = 9EFD6C332446A48D000FE473 /* VirtualTourist.xcdatamodeld */; };
		9EFD6C372446A48E000FE473 /* Assets.xcassets in Resources */ = {isa = PBXBuildFile; fileRef = 9EFD6C362446A48E000FE473 /* Assets.xcassets */; };
		9EFD6C3A2446A48E000FE473 /* LaunchScreen.storyboard in Resources */ = {isa = PBXBuildFile; fileRef = 9EFD6C382446A48E000FE473 /* LaunchScreen.storyboard */; };
		9EFD6C422446A740000FE473 /* MapViewController.swift in Sources */ = {isa = PBXBuildFile; fileRef = 9EFD6C412446A740000FE473 /* MapViewController.swift */; };
		9EFD6C442446BBFA000FE473 /* PhotoAlbumViewController.swift in Sources */ = {isa = PBXBuildFile; fileRef = 9EFD6C432446BBFA000FE473 /* PhotoAlbumViewController.swift */; };
/* End PBXBuildFile section */

/* Begin PBXFileReference section */
		9E6D0F49244959B500B0176F /* CollectionViewCell.swift */ = {isa = PBXFileReference; lastKnownFileType = sourcecode.swift; path = CollectionViewCell.swift; sourceTree = "<group>"; };
		9E8F2FAD244812BD006EDF62 /* placeholder.png */ = {isa = PBXFileReference; lastKnownFileType = image.png; path = placeholder.png; sourceTree = "<group>"; };
		9E8F2FAF24481B58006EDF62 /* FlickrClient.swift */ = {isa = PBXFileReference; lastKnownFileType = sourcecode.swift; path = FlickrClient.swift; sourceTree = "<group>"; };
		9EDDB97B244BA56600C1416C /* FlickrPhoto.swift */ = {isa = PBXFileReference; lastKnownFileType = sourcecode.swift; path = FlickrPhoto.swift; sourceTree = "<group>"; };
		9EDDB97D244BA59900C1416C /* FlickrSearchResults.swift */ = {isa = PBXFileReference; lastKnownFileType = sourcecode.swift; path = FlickrSearchResults.swift; sourceTree = "<group>"; };
		9EFD6C272446A48D000FE473 /* VirtualTourist.app */ = {isa = PBXFileReference; explicitFileType = wrapper.application; includeInIndex = 0; path = VirtualTourist.app; sourceTree = BUILT_PRODUCTS_DIR; };
		9EFD6C2A2446A48D000FE473 /* AppDelegate.swift */ = {isa = PBXFileReference; lastKnownFileType = sourcecode.swift; path = AppDelegate.swift; sourceTree = "<group>"; };
		9EFD6C2C2446A48D000FE473 /* SceneDelegate.swift */ = {isa = PBXFileReference; lastKnownFileType = sourcecode.swift; path = SceneDelegate.swift; sourceTree = "<group>"; };
		9EFD6C312446A48D000FE473 /* Base */ = {isa = PBXFileReference; lastKnownFileType = file.storyboard; name = Base; path = Base.lproj/Main.storyboard; sourceTree = "<group>"; };
		9EFD6C342446A48D000FE473 /* VirtualTourist.xcdatamodel */ = {isa = PBXFileReference; lastKnownFileType = wrapper.xcdatamodel; path = VirtualTourist.xcdatamodel; sourceTree = "<group>"; };
		9EFD6C362446A48E000FE473 /* Assets.xcassets */ = {isa = PBXFileReference; lastKnownFileType = folder.assetcatalog; path = Assets.xcassets; sourceTree = "<group>"; };
		9EFD6C392446A48E000FE473 /* Base */ = {isa = PBXFileReference; lastKnownFileType = file.storyboard; name = Base; path = Base.lproj/LaunchScreen.storyboard; sourceTree = "<group>"; };
		9EFD6C3B2446A48E000FE473 /* Info.plist */ = {isa = PBXFileReference; lastKnownFileType = text.plist.xml; path = Info.plist; sourceTree = "<group>"; };
		9EFD6C412446A740000FE473 /* MapViewController.swift */ = {isa = PBXFileReference; lastKnownFileType = sourcecode.swift; path = MapViewController.swift; sourceTree = "<group>"; };
		9EFD6C432446BBFA000FE473 /* PhotoAlbumViewController.swift */ = {isa = PBXFileReference; lastKnownFileType = sourcecode.swift; path = PhotoAlbumViewController.swift; sourceTree = "<group>"; };
/* End PBXFileReference section */

/* Begin PBXFrameworksBuildPhase section */
		9EFD6C242446A48D000FE473 /* Frameworks */ = {
			isa = PBXFrameworksBuildPhase;
			buildActionMask = 2147483647;
			files = (
			);
			runOnlyForDeploymentPostprocessing = 0;
		};
/* End PBXFrameworksBuildPhase section */

/* Begin PBXGroup section */
		9EFD6C1E2446A48D000FE473 = {
			isa = PBXGroup;
			children = (
				9EFD6C292446A48D000FE473 /* VirtualTourist */,
				9EFD6C282446A48D000FE473 /* Products */,
			);
			sourceTree = "<group>";
		};
		9EFD6C282446A48D000FE473 /* Products */ = {
			isa = PBXGroup;
			children = (
				9EFD6C272446A48D000FE473 /* VirtualTourist.app */,
			);
			name = Products;
			sourceTree = "<group>";
		};
		9EFD6C292446A48D000FE473 /* VirtualTourist */ = {
			isa = PBXGroup;
			children = (
				9EFD6C2A2446A48D000FE473 /* AppDelegate.swift */,
				9EFD6C2C2446A48D000FE473 /* SceneDelegate.swift */,
				9EFD6C302446A48D000FE473 /* Main.storyboard */,
				9EFD6C362446A48E000FE473 /* Assets.xcassets */,
				9EFD6C382446A48E000FE473 /* LaunchScreen.storyboard */,
				9EFD6C3B2446A48E000FE473 /* Info.plist */,
				9EFD6C332446A48D000FE473 /* VirtualTourist.xcdatamodeld */,
				9EFD6C412446A740000FE473 /* MapViewController.swift */,
				9EFD6C432446BBFA000FE473 /* PhotoAlbumViewController.swift */,
				9E8F2FAD244812BD006EDF62 /* placeholder.png */,
				9E8F2FAF24481B58006EDF62 /* FlickrClient.swift */,
				9E6D0F49244959B500B0176F /* CollectionViewCell.swift */,
				9EDDB97B244BA56600C1416C /* FlickrPhoto.swift */,
				9EDDB97D244BA59900C1416C /* FlickrSearchResults.swift */,
			);
			path = VirtualTourist;
			sourceTree = "<group>";
		};
/* End PBXGroup section */

/* Begin PBXNativeTarget section */
		9EFD6C262446A48D000FE473 /* VirtualTourist */ = {
			isa = PBXNativeTarget;
			buildConfigurationList = 9EFD6C3E2446A48E000FE473 /* Build configuration list for PBXNativeTarget "VirtualTourist" */;
			buildPhases = (
				9EFD6C232446A48D000FE473 /* Sources */,
				9EFD6C242446A48D000FE473 /* Frameworks */,
				9EFD6C252446A48D000FE473 /* Resources */,
			);
			buildRules = (
			);
			dependencies = (
			);
			name = VirtualTourist;
			productName = VirtualTourist;
			productReference = 9EFD6C272446A48D000FE473 /* VirtualTourist.app */;
			productType = "com.apple.product-type.application";
		};
/* End PBXNativeTarget section */

/* Begin PBXProject section */
		9EFD6C1F2446A48D000FE473 /* Project object */ = {
			isa = PBXProject;
			attributes = {
				LastSwiftUpdateCheck = 1130;
				LastUpgradeCheck = 1130;
				ORGANIZATIONNAME = "Joey Berger";
				TargetAttributes = {
					9EFD6C262446A48D000FE473 = {
						CreatedOnToolsVersion = 11.3.1;
					};
				};
			};
			buildConfigurationList = 9EFD6C222446A48D000FE473 /* Build configuration list for PBXProject "VirtualTourist" */;
			compatibilityVersion = "Xcode 9.3";
			developmentRegion = en;
			hasScannedForEncodings = 0;
			knownRegions = (
				en,
				Base,
			);
			mainGroup = 9EFD6C1E2446A48D000FE473;
			productRefGroup = 9EFD6C282446A48D000FE473 /* Products */;
			projectDirPath = "";
			projectRoot = "";
			targets = (
				9EFD6C262446A48D000FE473 /* VirtualTourist */,
			);
		};
/* End PBXProject section */

/* Begin PBXResourcesBuildPhase section */
		9EFD6C252446A48D000FE473 /* Resources */ = {
			isa = PBXResourcesBuildPhase;
			buildActionMask = 2147483647;
			files = (
				9EFD6C3A2446A48E000FE473 /* LaunchScreen.storyboard in Resources */,
				9E8F2FAE244812BD006EDF62 /* placeholder.png in Resources */,
				9EFD6C372446A48E000FE473 /* Assets.xcassets in Resources */,
				9EFD6C322446A48D000FE473 /* Main.storyboard in Resources */,
			);
			runOnlyForDeploymentPostprocessing = 0;
		};
/* End PBXResourcesBuildPhase section */

/* Begin PBXSourcesBuildPhase section */
		9EFD6C232446A48D000FE473 /* Sources */ = {
			isa = PBXSourcesBuildPhase;
			buildActionMask = 2147483647;
			files = (
				9EFD6C352446A48D000FE473 /* VirtualTourist.xcdatamodeld in Sources */,
				9EDDB97C244BA56600C1416C /* FlickrPhoto.swift in Sources */,
				9EFD6C2B2446A48D000FE473 /* AppDelegate.swift in Sources */,
				9EFD6C422446A740000FE473 /* MapViewController.swift in Sources */,
				9EDDB97E244BA59900C1416C /* FlickrSearchResults.swift in Sources */,
				9E6D0F4A244959B500B0176F /* CollectionViewCell.swift in Sources */,
				9EFD6C2D2446A48D000FE473 /* SceneDelegate.swift in Sources */,
				9EFD6C442446BBFA000FE473 /* PhotoAlbumViewController.swift in Sources */,
				9E8F2FB024481B58006EDF62 /* FlickrClient.swift in Sources */,
			);
			runOnlyForDeploymentPostprocessing = 0;
		};
/* End PBXSourcesBuildPhase section */

/* Begin PBXVariantGroup section */
		9EFD6C302446A48D000FE473 /* Main.storyboard */ = {
			isa = PBXVariantGroup;
			children = (
				9EFD6C312446A48D000FE473 /* Base */,
			);
			name = Main.storyboard;
			sourceTree = "<group>";
		};
		9EFD6C382446A48E000FE473 /* LaunchScreen.storyboard */ = {
			isa = PBXVariantGroup;
			children = (
				9EFD6C392446A48E000FE473 /* Base */,
			);
			name = LaunchScreen.storyboard;
			sourceTree = "<group>";
		};
/* End PBXVariantGroup section */

/* Begin XCBuildConfiguration section */
		9EFD6C3C2446A48E000FE473 /* Debug */ = {
			isa = XCBuildConfiguration;
			buildSettings = {
				ALWAYS_SEARCH_USER_PATHS = NO;
				CLANG_ANALYZER_NONNULL = YES;
				CLANG_ANALYZER_NUMBER_OBJECT_CONVERSION = YES_AGGRESSIVE;
				CLANG_CXX_LANGUAGE_STANDARD = "gnu++14";
				CLANG_CXX_LIBRARY = "libc++";
				CLANG_ENABLE_MODULES = YES;
				CLANG_ENABLE_OBJC_ARC = YES;
				CLANG_ENABLE_OBJC_WEAK = YES;
				CLANG_WARN_BLOCK_CAPTURE_AUTORELEASING = YES;
				CLANG_WARN_BOOL_CONVERSION = YES;
				CLANG_WARN_COMMA = YES;
				CLANG_WARN_CONSTANT_CONVERSION = YES;
				CLANG_WARN_DEPRECATED_OBJC_IMPLEMENTATIONS = YES;
				CLANG_WARN_DIRECT_OBJC_ISA_USAGE = YES_ERROR;
				CLANG_WARN_DOCUMENTATION_COMMENTS = YES;
				CLANG_WARN_EMPTY_BODY = YES;
				CLANG_WARN_ENUM_CONVERSION = YES;
				CLANG_WARN_INFINITE_RECURSION = YES;
				CLANG_WARN_INT_CONVERSION = YES;
				CLANG_WARN_NON_LITERAL_NULL_CONVERSION = YES;
				CLANG_WARN_OBJC_IMPLICIT_RETAIN_SELF = YES;
				CLANG_WARN_OBJC_LITERAL_CONVERSION = YES;
				CLANG_WARN_OBJC_ROOT_CLASS = YES_ERROR;
				CLANG_WARN_RANGE_LOOP_ANALYSIS = YES;
				CLANG_WARN_STRICT_PROTOTYPES = YES;
				CLANG_WARN_SUSPICIOUS_MOVE = YES;
				CLANG_WARN_UNGUARDED_AVAILABILITY = YES_AGGRESSIVE;
				CLANG_WARN_UNREACHABLE_CODE = YES;
				CLANG_WARN__DUPLICATE_METHOD_MATCH = YES;
				COPY_PHASE_STRIP = NO;
				DEBUG_INFORMATION_FORMAT = dwarf;
				ENABLE_STRICT_OBJC_MSGSEND = YES;
				ENABLE_TESTABILITY = YES;
				GCC_C_LANGUAGE_STANDARD = gnu11;
				GCC_DYNAMIC_NO_PIC = NO;
				GCC_NO_COMMON_BLOCKS = YES;
				GCC_OPTIMIZATION_LEVEL = 0;
				GCC_PREPROCESSOR_DEFINITIONS = (
					"DEBUG=1",
					"$(inherited)",
				);
				GCC_WARN_64_TO_32_BIT_CONVERSION = YES;
				GCC_WARN_ABOUT_RETURN_TYPE = YES_ERROR;
				GCC_WARN_UNDECLARED_SELECTOR = YES;
				GCC_WARN_UNINITIALIZED_AUTOS = YES_AGGRESSIVE;
				GCC_WARN_UNUSED_FUNCTION = YES;
				GCC_WARN_UNUSED_VARIABLE = YES;
				IPHONEOS_DEPLOYMENT_TARGET = 13.2;
				MTL_ENABLE_DEBUG_INFO = INCLUDE_SOURCE;
				MTL_FAST_MATH = YES;
				ONLY_ACTIVE_ARCH = YES;
				SDKROOT = iphoneos;
				SWIFT_ACTIVE_COMPILATION_CONDITIONS = DEBUG;
				SWIFT_OPTIMIZATION_LEVEL = "-Onone";
			};
			name = Debug;
		};
		9EFD6C3D2446A48E000FE473 /* Release */ = {
			isa = XCBuildConfiguration;
			buildSettings = {
				ALWAYS_SEARCH_USER_PATHS = NO;
				CLANG_ANALYZER_NONNULL = YES;
				CLANG_ANALYZER_NUMBER_OBJECT_CONVERSION = YES_AGGRESSIVE;
				CLANG_CXX_LANGUAGE_STANDARD = "gnu++14";
				CLANG_CXX_LIBRARY = "libc++";
				CLANG_ENABLE_MODULES = YES;
				CLANG_ENABLE_OBJC_ARC = YES;
				CLANG_ENABLE_OBJC_WEAK = YES;
				CLANG_WARN_BLOCK_CAPTURE_AUTORELEASING = YES;
				CLANG_WARN_BOOL_CONVERSION = YES;
				CLANG_WARN_COMMA = YES;
				CLANG_WARN_CONSTANT_CONVERSION = YES;
				CLANG_WARN_DEPRECATED_OBJC_IMPLEMENTATIONS = YES;
				CLANG_WARN_DIRECT_OBJC_ISA_USAGE = YES_ERROR;
				CLANG_WARN_DOCUMENTATION_COMMENTS = YES;
				CLANG_WARN_EMPTY_BODY = YES;
				CLANG_WARN_ENUM_CONVERSION = YES;
				CLANG_WARN_INFINITE_RECURSION = YES;
				CLANG_WARN_INT_CONVERSION = YES;
				CLANG_WARN_NON_LITERAL_NULL_CONVERSION = YES;
				CLANG_WARN_OBJC_IMPLICIT_RETAIN_SELF = YES;
				CLANG_WARN_OBJC_LITERAL_CONVERSION = YES;
				CLANG_WARN_OBJC_ROOT_CLASS = YES_ERROR;
				CLANG_WARN_RANGE_LOOP_ANALYSIS = YES;
				CLANG_WARN_STRICT_PROTOTYPES = YES;
				CLANG_WARN_SUSPICIOUS_MOVE = YES;
				CLANG_WARN_UNGUARDED_AVAILABILITY = YES_AGGRESSIVE;
				CLANG_WARN_UNREACHABLE_CODE = YES;
				CLANG_WARN__DUPLICATE_METHOD_MATCH = YES;
				COPY_PHASE_STRIP = NO;
				DEBUG_INFORMATION_FORMAT = "dwarf-with-dsym";
				ENABLE_NS_ASSERTIONS = NO;
				ENABLE_STRICT_OBJC_MSGSEND = YES;
				GCC_C_LANGUAGE_STANDARD = gnu11;
				GCC_NO_COMMON_BLOCKS = YES;
				GCC_WARN_64_TO_32_BIT_CONVERSION = YES;
				GCC_WARN_ABOUT_RETURN_TYPE = YES_ERROR;
				GCC_WARN_UNDECLARED_SELECTOR = YES;
				GCC_WARN_UNINITIALIZED_AUTOS = YES_AGGRESSIVE;
				GCC_WARN_UNUSED_FUNCTION = YES;
				GCC_WARN_UNUSED_VARIABLE = YES;
				IPHONEOS_DEPLOYMENT_TARGET = 13.2;
				MTL_ENABLE_DEBUG_INFO = NO;
				MTL_FAST_MATH = YES;
				SDKROOT = iphoneos;
				SWIFT_COMPILATION_MODE = wholemodule;
				SWIFT_OPTIMIZATION_LEVEL = "-O";
				VALIDATE_PRODUCT = YES;
			};
			name = Release;
		};
		9EFD6C3F2446A48E000FE473 /* Debug */ = {
			isa = XCBuildConfiguration;
			buildSettings = {
				ASSETCATALOG_COMPILER_APPICON_NAME = AppIcon;
				CODE_SIGN_STYLE = Automatic;
				DEVELOPMENT_TEAM = 2AZ8JTZ3QU;
				INFOPLIST_FILE = VirtualTourist/Info.plist;
				LD_RUNPATH_SEARCH_PATHS = (
					"$(inherited)",
					"@executable_path/Frameworks",
				);
				PRODUCT_BUNDLE_IDENTIFIER = "Joey-Berger.VirtualTourist";
				PRODUCT_NAME = "$(TARGET_NAME)";
				SWIFT_VERSION = 5.0;
				TARGETED_DEVICE_FAMILY = "1,2";
			};
			name = Debug;
		};
		9EFD6C402446A48E000FE473 /* Release */ = {
			isa = XCBuildConfiguration;
			buildSettings = {
				ASSETCATALOG_COMPILER_APPICON_NAME = AppIcon;
				CODE_SIGN_STYLE = Automatic;
				DEVELOPMENT_TEAM = 2AZ8JTZ3QU;
				INFOPLIST_FILE = VirtualTourist/Info.plist;
				LD_RUNPATH_SEARCH_PATHS = (
					"$(inherited)",
					"@executable_path/Frameworks",
				);
				PRODUCT_BUNDLE_IDENTIFIER = "Joey-Berger.VirtualTourist";
				PRODUCT_NAME = "$(TARGET_NAME)";
				SWIFT_VERSION = 5.0;
				TARGETED_DEVICE_FAMILY = "1,2";
			};
			name = Release;
		};
/* End XCBuildConfiguration section */

/* Begin XCConfigurationList section */
		9EFD6C222446A48D000FE473 /* Build configuration list for PBXProject "VirtualTourist" */ = {
			isa = XCConfigurationList;
			buildConfigurations = (
				9EFD6C3C2446A48E000FE473 /* Debug */,
				9EFD6C3D2446A48E000FE473 /* Release */,
			);
			defaultConfigurationIsVisible = 0;
			defaultConfigurationName = Release;
		};
		9EFD6C3E2446A48E000FE473 /* Build configuration list for PBXNativeTarget "VirtualTourist" */ = {
			isa = XCConfigurationList;
			buildConfigurations = (
				9EFD6C3F2446A48E000FE473 /* Debug */,
				9EFD6C402446A48E000FE473 /* Release */,
			);
			defaultConfigurationIsVisible = 0;
			defaultConfigurationName = Release;
		};
/* End XCConfigurationList section */

/* Begin XCVersionGroup section */
		9EFD6C332446A48D000FE473 /* VirtualTourist.xcdatamodeld */ = {
			isa = XCVersionGroup;
			children = (
				9EFD6C342446A48D000FE473 /* VirtualTourist.xcdatamodel */,
			);
			currentVersion = 9EFD6C342446A48D000FE473 /* VirtualTourist.xcdatamodel */;
			path = VirtualTourist.xcdatamodeld;
			sourceTree = "<group>";
			versionGroupType = wrapper.xcdatamodel;
		};
/* End XCVersionGroup section */
	};
	rootObject = 9EFD6C1F2446A48D000FE473 /* Project object */;
}
